{
  "name": "5.1",
  "lockfileVersion": 3,
  "requires": true,
  "packages": {
    "": {
      "dependencies": {
        "types-registry": "^0.1.648"
      }
    },
    "node_modules/types-registry": {
      "version": "0.1.648",
      "resolved": "https://registry.npmjs.org/types-registry/-/types-registry-0.1.648.tgz",
      "integrity": "sha512-joy0WUfn9VRbCPJXukG4m3KjzbRDtOhLL/GzsIDTp1AixtDfl7b6GFG0U8KRVM7imeMreeg4qeViZP27PoP2hQ=="
    }
  }
}
